
Microsoft Visual Studio Solution File, Format Version 12.00
# Visual Studio Version 17
VisualStudioVersion = 17.0.31903.59
MinimumVisualStudioVersion = 10.0.40219.1
Project("{FAE04EC0-301F-11D3-BF4B-00C04F79EFBC}") = "Verity.CashFlow.Api", "src\Verity.CashFlow.Api\Verity.CashFlow.Api.csproj", "{AD7F6355-FD07-43BB-BB9C-B7295F82727D}"
EndProject
Project("{FAE04EC0-301F-11D3-BF4B-00C04F79EFBC}") = "Verity.CashFlow.Application", "src\Verity.CashFlow.Application\Verity.CashFlow.Application.csproj", "{457D9C7E-09EF-4082-AD29-02630B2872CE}"
EndProject
Project("{FAE04EC0-301F-11D3-BF4B-00C04F79EFBC}") = "Verity.CashFlow.Contracts", "src\Verity.CashFlow.Contracts\Verity.CashFlow.Contracts.csproj", "{200ECAE1-5510-4873-8D18-946AA06004E3}"
EndProject
Project("{FAE04EC0-301F-11D3-BF4B-00C04F79EFBC}") = "Verity.CashFlow.Domain", "src\Verity.CashFlow.Domain\Verity.CashFlow.Domain.csproj", "{A7B3D485-7F0A-4413-A9C1-C45CD9B5B76A}"
EndProject
Project("{FAE04EC0-301F-11D3-BF4B-00C04F79EFBC}") = "Verity.CashFlow.Infrastructure", "src\Verity.CashFlow.Infrastructure\Verity.CashFlow.Infrastructure.csproj", "{17854AD6-992B-49D3-BD8F-739F0A9386CB}"
EndProject
Global
	GlobalSection(SolutionConfigurationPlatforms) = preSolution
		Debug|Any CPU = Debug|Any CPU
		Release|Any CPU = Release|Any CPU
	EndGlobalSection
	GlobalSection(SolutionProperties) = preSolution
		HideSolutionNode = FALSE
	EndGlobalSection
	GlobalSection(ProjectConfigurationPlatforms) = postSolution
		{AD7F6355-FD07-43BB-BB9C-B7295F82727D}.Debug|Any CPU.ActiveCfg = Debug|Any CPU
		{AD7F6355-FD07-43BB-BB9C-B7295F82727D}.Debug|Any CPU.Build.0 = Debug|Any CPU
		{AD7F6355-FD07-43BB-BB9C-B7295F82727D}.Release|Any CPU.ActiveCfg = Release|Any CPU
		{AD7F6355-FD07-43BB-BB9C-B7295F82727D}.Release|Any CPU.Build.0 = Release|Any CPU
		{457D9C7E-09EF-4082-AD29-02630B2872CE}.Debug|Any CPU.ActiveCfg = Debug|Any CPU
		{457D9C7E-09EF-4082-AD29-02630B2872CE}.Debug|Any CPU.Build.0 = Debug|Any CPU
		{457D9C7E-09EF-4082-AD29-02630B2872CE}.Release|Any CPU.ActiveCfg = Release|Any CPU
		{457D9C7E-09EF-4082-AD29-02630B2872CE}.Release|Any CPU.Build.0 = Release|Any CPU
		{200ECAE1-5510-4873-8D18-946AA06004E3}.Debug|Any CPU.ActiveCfg = Debug|Any CPU
		{200ECAE1-5510-4873-8D18-946AA06004E3}.Debug|Any CPU.Build.0 = Debug|Any CPU
		{200ECAE1-5510-4873-8D18-946AA06004E3}.Release|Any CPU.ActiveCfg = Release|Any CPU
		{200ECAE1-5510-4873-8D18-946AA06004E3}.Release|Any CPU.Build.0 = Release|Any CPU
		{A7B3D485-7F0A-4413-A9C1-C45CD9B5B76A}.Debug|Any CPU.ActiveCfg = Debug|Any CPU
		{A7B3D485-7F0A-4413-A9C1-C45CD9B5B76A}.Debug|Any CPU.Build.0 = Debug|Any CPU
		{A7B3D485-7F0A-4413-A9C1-C45CD9B5B76A}.Release|Any CPU.ActiveCfg = Release|Any CPU
		{A7B3D485-7F0A-4413-A9C1-C45CD9B5B76A}.Release|Any CPU.Build.0 = Release|Any CPU
		{17854AD6-992B-49D3-BD8F-739F0A9386CB}.Debug|Any CPU.ActiveCfg = Debug|Any CPU
		{17854AD6-992B-49D3-BD8F-739F0A9386CB}.Debug|Any CPU.Build.0 = Debug|Any CPU
		{17854AD6-992B-49D3-BD8F-739F0A9386CB}.Release|Any CPU.ActiveCfg = Release|Any CPU
		{17854AD6-992B-49D3-BD8F-739F0A9386CB}.Release|Any CPU.Build.0 = Release|Any CPU
	EndGlobalSection
EndGlobal
